
Microsoft Visual Studio Solution File, Format Version 12.00
# Visual Studio Version 17
VisualStudioVersion = 17.3.32901.215
MinimumVisualStudioVersion = 10.0.40219.1
Project("{8BC9CEB8-8B4A-11D0-8D11-00A0C91BC942}") = "Task 1", "Task 1\Task 1.vcxproj", "{12D69FCF-99B5-47A7-AE70-6CFEEBD6F36D}"
EndProject
Project("{8BC9CEB8-8B4A-11D0-8D11-00A0C91BC942}") = "Task 2", "Task 2\Task 2.vcxproj", "{0DDCFB97-ADDB-44C4-AB0F-1D522CCC56B5}"
EndProject
Project("{8BC9CEB8-8B4A-11D0-8D11-00A0C91BC942}") = "Task 3", "Task 3\Task 3.vcxproj", "{5E8E49F7-34DA-4C69-BD43-C17BB2541ECA}"
EndProject
Project("{8BC9CEB8-8B4A-11D0-8D11-00A0C91BC942}") = "Task 4", "Task 4\Task 4.vcxproj", "{A1F6017B-58DC-49B4-89D7-8FD6BE2A236D}"
EndProject
Project("{8BC9CEB8-8B4A-11D0-8D11-00A0C91BC942}") = "Task 5", "Task 5\Task 5.vcxproj", "{463BB700-EEB3-4512-A3ED-B19685E1CC59}"
EndProject
Project("{8BC9CEB8-8B4A-11D0-8D11-00A0C91BC942}") = "Task 6", "Task 6\Task 6.vcxproj", "{B3F307BA-E27D-4BB6-A55B-6F26AF43BA49}"
EndProject
Project("{8BC9CEB8-8B4A-11D0-8D11-00A0C91BC942}") = "Task 7", "Task 7\Task 7.vcxproj", "{C76F497B-4993-482D-8D82-0CDA2553DC0E}"
EndProject
Project("{8BC9CEB8-8B4A-11D0-8D11-00A0C91BC942}") = "Task 8", "Task 8\Task 8.vcxproj", "{F7091D0D-79CC-4869-BAAA-948BFA05EA4C}"
EndProject
Project("{8BC9CEB8-8B4A-11D0-8D11-00A0C91BC942}") = "Task 9", "Task 9\Task 9.vcxproj", "{18EE6D2B-8365-4E94-85E6-35BC934FACE5}"
EndProject
Global
	GlobalSection(SolutionConfigurationPlatforms) = preSolution
		Debug|x64 = Debug|x64
		Debug|x86 = Debug|x86
		Release|x64 = Release|x64
		Release|x86 = Release|x86
	EndGlobalSection
	GlobalSection(ProjectConfigurationPlatforms) = postSolution
		{12D69FCF-99B5-47A7-AE70-6CFEEBD6F36D}.Debug|x64.ActiveCfg = Debug|x64
		{12D69FCF-99B5-47A7-AE70-6CFEEBD6F36D}.Debug|x64.Build.0 = Debug|x64
		{12D69FCF-99B5-47A7-AE70-6CFEEBD6F36D}.Debug|x86.ActiveCfg = Debug|Win32
		{12D69FCF-99B5-47A7-AE70-6CFEEBD6F36D}.Debug|x86.Build.0 = Debug|Win32
		{12D69FCF-99B5-47A7-AE70-6CFEEBD6F36D}.Release|x64.ActiveCfg = Release|x64
		{12D69FCF-99B5-47A7-AE70-6CFEEBD6F36D}.Release|x64.Build.0 = Release|x64
		{12D69FCF-99B5-47A7-AE70-6CFEEBD6F36D}.Release|x86.ActiveCfg = Release|Win32
		{12D69FCF-99B5-47A7-AE70-6CFEEBD6F36D}.Release|x86.Build.0 = Release|Win32
		{0DDCFB97-ADDB-44C4-AB0F-1D522CCC56B5}.Debug|x64.ActiveCfg = Debug|x64
		{0DDCFB97-ADDB-44C4-AB0F-1D522CCC56B5}.Debug|x64.Build.0 = Debug|x64
		{0DDCFB97-ADDB-44C4-AB0F-1D522CCC56B5}.Debug|x86.ActiveCfg = Debug|Win32
		{0DDCFB97-ADDB-44C4-AB0F-1D522CCC56B5}.Debug|x86.Build.0 = Debug|Win32
		{0DDCFB97-ADDB-44C4-AB0F-1D522CCC56B5}.Release|x64.ActiveCfg = Release|x64
		{0DDCFB97-ADDB-44C4-AB0F-1D522CCC56B5}.Release|x64.Build.0 = Release|x64
		{0DDCFB97-ADDB-44C4-AB0F-1D522CCC56B5}.Release|x86.ActiveCfg = Release|Win32
		{0DDCFB97-ADDB-44C4-AB0F-1D522CCC56B5}.Release|x86.Build.0 = Release|Win32
		{5E8E49F7-34DA-4C69-BD43-C17BB2541ECA}.Debug|x64.ActiveCfg = Debug|x64
		{5E8E49F7-34DA-4C69-BD43-C17BB2541ECA}.Debug|x64.Build.0 = Debug|x64
		{5E8E49F7-34DA-4C69-BD43-C17BB2541ECA}.Debug|x86.ActiveCfg = Debug|Win32
		{5E8E49F7-34DA-4C69-BD43-C17BB2541ECA}.Debug|x86.Build.0 = Debug|Win32
		{5E8E49F7-34DA-4C69-BD43-C17BB2541ECA}.Release|x64.ActiveCfg = Release|x64
		{5E8E49F7-34DA-4C69-BD43-C17BB2541ECA}.Release|x64.Build.0 = Release|x64
		{5E8E49F7-34DA-4C69-BD43-C17BB2541ECA}.Release|x86.ActiveCfg = Release|Win32
		{5E8E49F7-34DA-4C69-BD43-C17BB2541ECA}.Release|x86.Build.0 = Release|Win32
		{A1F6017B-58DC-49B4-89D7-8FD6BE2A236D}.Debug|x64.ActiveCfg = Debug|x64
		{A1F6017B-58DC-49B4-89D7-8FD6BE2A236D}.Debug|x64.Build.0 = Debug|x64
		{A1F6017B-58DC-49B4-89D7-8FD6BE2A236D}.Debug|x86.ActiveCfg = Debug|Win32
		{A1F6017B-58DC-49B4-89D7-8FD6BE2A236D}.Debug|x86.Build.0 = Debug|Win32
		{A1F6017B-58DC-49B4-89D7-8FD6BE2A236D}.Release|x64.ActiveCfg = Release|x64
		{A1F6017B-58DC-49B4-89D7-8FD6BE2A236D}.Release|x64.Build.0 = Release|x64
		{A1F6017B-58DC-49B4-89D7-8FD6BE2A236D}.Release|x86.ActiveCfg = Release|Win32
		{A1F6017B-58DC-49B4-89D7-8FD6BE2A236D}.Release|x86.Build.0 = Release|Win32
		{463BB700-EEB3-4512-A3ED-B19685E1CC59}.Debug|x64.ActiveCfg = Debug|x64
		{463BB700-EEB3-4512-A3ED-B19685E1CC59}.Debug|x64.Build.0 = Debug|x64
		{463BB700-EEB3-4512-A3ED-B19685E1CC59}.Debug|x86.ActiveCfg = Debug|Win32
		{463BB700-EEB3-4512-A3ED-B19685E1CC59}.Debug|x86.Build.0 = Debug|Win32
		{463BB700-EEB3-4512-A3ED-B19685E1CC59}.Release|x64.ActiveCfg = Release|x64
		{463BB700-EEB3-4512-A3ED-B19685E1CC59}.Release|x64.Build.0 = Release|x64
		{463BB700-EEB3-4512-A3ED-B19685E1CC59}.Release|x86.ActiveCfg = Release|Win32
		{463BB700-EEB3-4512-A3ED-B19685E1CC59}.Release|x86.Build.0 = Release|Win32
		{B3F307BA-E27D-4BB6-A55B-6F26AF43BA49}.Debug|x64.ActiveCfg = Debug|x64
		{B3F307BA-E27D-4BB6-A55B-6F26AF43BA49}.Debug|x64.Build.0 = Debug|x64
		{B3F307BA-E27D-4BB6-A55B-6F26AF43BA49}.Debug|x86.ActiveCfg = Debug|Win32
		{B3F307BA-E27D-4BB6-A55B-6F26AF43BA49}.Debug|x86.Build.0 = Debug|Win32
		{B3F307BA-E27D-4BB6-A55B-6F26AF43BA49}.Release|x64.ActiveCfg = Release|x64
		{B3F307BA-E27D-4BB6-A55B-6F26AF43BA49}.Release|x64.Build.0 = Release|x64
		{B3F307BA-E27D-4BB6-A55B-6F26AF43BA49}.Release|x86.ActiveCfg = Release|Win32
		{B3F307BA-E27D-4BB6-A55B-6F26AF43BA49}.Release|x86.Build.0 = Release|Win32
		{C76F497B-4993-482D-8D82-0CDA2553DC0E}.Debug|x64.ActiveCfg = Debug|x64
		{C76F497B-4993-482D-8D82-0CDA2553DC0E}.Debug|x64.Build.0 = Debug|x64
		{C76F497B-4993-482D-8D82-0CDA2553DC0E}.Debug|x86.ActiveCfg = Debug|Win32
		{C76F497B-4993-482D-8D82-0CDA2553DC0E}.Debug|x86.Build.0 = Debug|Win32
		{C76F497B-4993-482D-8D82-0CDA2553DC0E}.Release|x64.ActiveCfg = Release|x64
		{C76F497B-4993-482D-8D82-0CDA2553DC0E}.Release|x64.Build.0 = Release|x64
		{C76F497B-4993-482D-8D82-0CDA2553DC0E}.Release|x86.ActiveCfg = Release|Win32
		{C76F497B-4993-482D-8D82-0CDA2553DC0E}.Release|x86.Build.0 = Release|Win32
		{F7091D0D-79CC-4869-BAAA-948BFA05EA4C}.Debug|x64.ActiveCfg = Debug|x64
		{F7091D0D-79CC-4869-BAAA-948BFA05EA4C}.Debug|x64.Build.0 = Debug|x64
		{F7091D0D-79CC-4869-BAAA-948BFA05EA4C}.Debug|x86.ActiveCfg = Debug|Win32
		{F7091D0D-79CC-4869-BAAA-948BFA05EA4C}.Debug|x86.Build.0 = Debug|Win32
		{F7091D0D-79CC-4869-BAAA-948BFA05EA4C}.Release|x64.ActiveCfg = Release|x64
		{F7091D0D-79CC-4869-BAAA-948BFA05EA4C}.Release|x64.Build.0 = Release|x64
		{F7091D0D-79CC-4869-BAAA-948BFA05EA4C}.Release|x86.ActiveCfg = Release|Win32
		{F7091D0D-79CC-4869-BAAA-948BFA05EA4C}.Release|x86.Build.0 = Release|Win32
		{18EE6D2B-8365-4E94-85E6-35BC934FACE5}.Debug|x64.ActiveCfg = Debug|x64
		{18EE6D2B-8365-4E94-85E6-35BC934FACE5}.Debug|x64.Build.0 = Debug|x64
		{18EE6D2B-8365-4E94-85E6-35BC934FACE5}.Debug|x86.ActiveCfg = Debug|Win32
		{18EE6D2B-8365-4E94-85E6-35BC934FACE5}.Debug|x86.Build.0 = Debug|Win32
		{18EE6D2B-8365-4E94-85E6-35BC934FACE5}.Release|x64.ActiveCfg = Release|x64
		{18EE6D2B-8365-4E94-85E6-35BC934FACE5}.Release|x64.Build.0 = Release|x64
		{18EE6D2B-8365-4E94-85E6-35BC934FACE5}.Release|x86.ActiveCfg = Release|Win32
		{18EE6D2B-8365-4E94-85E6-35BC934FACE5}.Release|x86.Build.0 = Release|Win32
	EndGlobalSection
	GlobalSection(SolutionProperties) = preSolution
		HideSolutionNode = FALSE
	EndGlobalSection
	GlobalSection(ExtensibilityGlobals) = postSolution
		SolutionGuid = {519BE1C6-054A-47A7-AFB8-86FD3EF43D58}
	EndGlobalSection
EndGlobal
